
Microsoft Visual Studio Solution File, Format Version 12.00
# Visual Studio Version 17
VisualStudioVersion = 17.0.31919.166
MinimumVisualStudioVersion = 10.0.40219.1
Project("{FAE04EC0-301F-11D3-BF4B-00C04F79EFBC}") = "RedogExerciseCalculator", "RedogExerciseCalculator\RedogExerciseCalculator.csproj", "{C7892CDC-782B-4BA2-BDB4-A666E4231C16}"
EndProject
Project("{FAE04EC0-301F-11D3-BF4B-00C04F79EFBC}") = "RedogExerciseBusinessLogic", "RedogExerciseBusinessLogic\RedogExerciseBusinessLogic.csproj", "{3F0F463F-A037-4A2F-9C9D-FB1E7536A2CD}"
EndProject
Project("{FAE04EC0-301F-11D3-BF4B-00C04F79EFBC}") = "RedogExerciseCalculatorTest", "RedogExerciseCalculatorTest\RedogExerciseCalculatorTest.csproj", "{681EC10F-24F2-42F8-8C57-A78AE1F202A8}"
EndProject
Project("{2150E333-8FDC-42A3-9474-1A3956D46DE8}") = "SolutionItems", "SolutionItems", "{D86509DC-ECBA-417B-A931-213A402C11B1}"
	ProjectSection(SolutionItems) = preProject
		SharedAssemblyInfo.cs = SharedAssemblyInfo.cs
	EndProjectSection
EndProject
Global
	GlobalSection(SolutionConfigurationPlatforms) = preSolution
		Debug|Any CPU = Debug|Any CPU
		Release|Any CPU = Release|Any CPU
	EndGlobalSection
	GlobalSection(ProjectConfigurationPlatforms) = postSolution
		{C7892CDC-782B-4BA2-BDB4-A666E4231C16}.Debug|Any CPU.ActiveCfg = Debug|Any CPU
		{C7892CDC-782B-4BA2-BDB4-A666E4231C16}.Debug|Any CPU.Build.0 = Debug|Any CPU
		{C7892CDC-782B-4BA2-BDB4-A666E4231C16}.Release|Any CPU.ActiveCfg = Release|Any CPU
		{C7892CDC-782B-4BA2-BDB4-A666E4231C16}.Release|Any CPU.Build.0 = Release|Any CPU
		{3F0F463F-A037-4A2F-9C9D-FB1E7536A2CD}.Debug|Any CPU.ActiveCfg = Debug|Any CPU
		{3F0F463F-A037-4A2F-9C9D-FB1E7536A2CD}.Debug|Any CPU.Build.0 = Debug|Any CPU
		{3F0F463F-A037-4A2F-9C9D-FB1E7536A2CD}.Release|Any CPU.ActiveCfg = Release|Any CPU
		{3F0F463F-A037-4A2F-9C9D-FB1E7536A2CD}.Release|Any CPU.Build.0 = Release|Any CPU
		{681EC10F-24F2-42F8-8C57-A78AE1F202A8}.Debug|Any CPU.ActiveCfg = Debug|Any CPU
		{681EC10F-24F2-42F8-8C57-A78AE1F202A8}.Debug|Any CPU.Build.0 = Debug|Any CPU
		{681EC10F-24F2-42F8-8C57-A78AE1F202A8}.Release|Any CPU.ActiveCfg = Release|Any CPU
		{681EC10F-24F2-42F8-8C57-A78AE1F202A8}.Release|Any CPU.Build.0 = Release|Any CPU
	EndGlobalSection
	GlobalSection(SolutionProperties) = preSolution
		HideSolutionNode = FALSE
	EndGlobalSection
	GlobalSection(ExtensibilityGlobals) = postSolution
		SolutionGuid = {115ED276-209E-4698-B8AD-18A3058F4173}
	EndGlobalSection
EndGlobal
